
Microsoft Visual Studio Solution File, Format Version 12.00
# Visual Studio Version 17
VisualStudioVersion = 17.0.31903.59
MinimumVisualStudioVersion = 10.0.40219.1
Project("{FAE04EC0-301F-11D3-BF4B-00C04F79EFBC}") = "PKS5.Client", "PKS5.Client\PKS5.Client.csproj", "{6581457A-FB86-4A85-9460-CA28DB7F873D}"
EndProject
Project("{FAE04EC0-301F-11D3-BF4B-00C04F79EFBC}") = "PKS5.Server", "PKS5.Server\PKS5.Server.csproj", "{A7047ABF-68B6-4A11-83A1-F413FE83AE2B}"
EndProject
Project("{FAE04EC0-301F-11D3-BF4B-00C04F79EFBC}") = "PKS5.Shared", "PKS5.Shared\PKS5.Shared.csproj", "{A4D6BBDB-6290-4ECD-B3E3-69E5AA233747}"
EndProject
Global
	GlobalSection(SolutionConfigurationPlatforms) = preSolution
		Debug|Any CPU = Debug|Any CPU
		Release|Any CPU = Release|Any CPU
	EndGlobalSection
	GlobalSection(SolutionProperties) = preSolution
		HideSolutionNode = FALSE
	EndGlobalSection
	GlobalSection(ProjectConfigurationPlatforms) = postSolution
		{6581457A-FB86-4A85-9460-CA28DB7F873D}.Debug|Any CPU.ActiveCfg = Debug|Any CPU
		{6581457A-FB86-4A85-9460-CA28DB7F873D}.Debug|Any CPU.Build.0 = Debug|Any CPU
		{6581457A-FB86-4A85-9460-CA28DB7F873D}.Release|Any CPU.ActiveCfg = Release|Any CPU
		{6581457A-FB86-4A85-9460-CA28DB7F873D}.Release|Any CPU.Build.0 = Release|Any CPU
		{A7047ABF-68B6-4A11-83A1-F413FE83AE2B}.Debug|Any CPU.ActiveCfg = Debug|Any CPU
		{A7047ABF-68B6-4A11-83A1-F413FE83AE2B}.Debug|Any CPU.Build.0 = Debug|Any CPU
		{A7047ABF-68B6-4A11-83A1-F413FE83AE2B}.Release|Any CPU.ActiveCfg = Release|Any CPU
		{A7047ABF-68B6-4A11-83A1-F413FE83AE2B}.Release|Any CPU.Build.0 = Release|Any CPU
		{A4D6BBDB-6290-4ECD-B3E3-69E5AA233747}.Debug|Any CPU.ActiveCfg = Debug|Any CPU
		{A4D6BBDB-6290-4ECD-B3E3-69E5AA233747}.Debug|Any CPU.Build.0 = Debug|Any CPU
		{A4D6BBDB-6290-4ECD-B3E3-69E5AA233747}.Release|Any CPU.ActiveCfg = Release|Any CPU
		{A4D6BBDB-6290-4ECD-B3E3-69E5AA233747}.Release|Any CPU.Build.0 = Release|Any CPU
	EndGlobalSection
EndGlobal
